
Microsoft Visual Studio Solution File, Format Version 9.00
# Visual C++ Express 2005
Project("{8BC9CEB8-8B4A-11D0-8D11-00A0C91BC942}") = "s1_3", "s1_3\s1_3.vcproj", "{EF3CCF28-C2A9-4240-95FC-59CDFBF8B58B}"
EndProject
Global
	GlobalSection(SolutionConfigurationPlatforms) = preSolution
		Debug|Win32 = Debug|Win32
		Release|Win32 = Release|Win32
	EndGlobalSection
	GlobalSection(ProjectConfigurationPlatforms) = postSolution
		{EF3CCF28-C2A9-4240-95FC-59CDFBF8B58B}.Debug|Win32.ActiveCfg = Debug|Win32
		{EF3CCF28-C2A9-4240-95FC-59CDFBF8B58B}.Debug|Win32.Build.0 = Debug|Win32
		{EF3CCF28-C2A9-4240-95FC-59CDFBF8B58B}.Release|Win32.ActiveCfg = Release|Win32
		{EF3CCF28-C2A9-4240-95FC-59CDFBF8B58B}.Release|Win32.Build.0 = Release|Win32
	EndGlobalSection
	GlobalSection(SolutionProperties) = preSolution
		HideSolutionNode = FALSE
	EndGlobalSection
EndGlobal
