
Microsoft Visual Studio Solution File, Format Version 9.00
# Visual C++ Express 2005
Project("{8BC9CEB8-8B4A-11D0-8D11-00A0C91BC942}") = "s1_6", "s1_6\s1_6.vcproj", "{57C5558A-4289-4FA3-8187-CFD5B11A066C}"
EndProject
Global
	GlobalSection(SolutionConfigurationPlatforms) = preSolution
		Debug|Win32 = Debug|Win32
		Release|Win32 = Release|Win32
	EndGlobalSection
	GlobalSection(ProjectConfigurationPlatforms) = postSolution
		{57C5558A-4289-4FA3-8187-CFD5B11A066C}.Debug|Win32.ActiveCfg = Debug|Win32
		{57C5558A-4289-4FA3-8187-CFD5B11A066C}.Debug|Win32.Build.0 = Debug|Win32
		{57C5558A-4289-4FA3-8187-CFD5B11A066C}.Release|Win32.ActiveCfg = Release|Win32
		{57C5558A-4289-4FA3-8187-CFD5B11A066C}.Release|Win32.Build.0 = Release|Win32
	EndGlobalSection
	GlobalSection(SolutionProperties) = preSolution
		HideSolutionNode = FALSE
	EndGlobalSection
EndGlobal
